
Microsoft Visual Studio Solution File, Format Version 12.00
# Visual Studio Version 17
VisualStudioVersion = 17.8.34330.188
MinimumVisualStudioVersion = 10.0.40219.1
Project("{2150E333-8FDC-42A3-9474-1A3956D46DE8}") = "04. WebApi", "04. WebApi", "{B5C6DB18-7124-4798-8D3F-38D84DBE5021}"
EndProject
Project("{2150E333-8FDC-42A3-9474-1A3956D46DE8}") = "01. Core", "01. Core", "{732B5ED8-D34E-4299-80EE-5E8A3F4819B7}"
EndProject
Project("{2150E333-8FDC-42A3-9474-1A3956D46DE8}") = "02. Infrastructure", "02. Infrastructure", "{FC56CEA2-17D3-4C7B-9056-9DF447F75C55}"
EndProject
Project("{2150E333-8FDC-42A3-9474-1A3956D46DE8}") = "03. WebSite", "03. WebSite", "{0F83C6E1-47C3-4ADF-8EF0-0E2B81AA3ACC}"
EndProject
Project("{9A19103F-16F7-4668-BE54-9A1E7A4F7556}") = "Application", "01. Core\Application\Application.csproj", "{16C83483-2DF5-42F6-8956-A38C60D09E4F}"
EndProject
Project("{9A19103F-16F7-4668-BE54-9A1E7A4F7556}") = "Domain", "01. Core\Domain\Domain.csproj", "{97933F97-880A-40BD-80C9-260BA1D26113}"
EndProject
Project("{9A19103F-16F7-4668-BE54-9A1E7A4F7556}") = "WebSite", "03. WebSite\WebSite\WebSite.csproj", "{8DC4E4DB-0933-4CC9-AC02-4C4F1FCA530A}"
EndProject
Project("{9A19103F-16F7-4668-BE54-9A1E7A4F7556}") = "WebApi", "04. WebApi\WebApi\WebApi.csproj", "{027FC2B1-3A11-4842-AA71-F78B624F3846}"
EndProject
Project("{9A19103F-16F7-4668-BE54-9A1E7A4F7556}") = "Shared", "02. Infrastructure\Shared\Shared.csproj", "{50849ED0-9DF2-450D-B29A-88D1C52B57A8}"
EndProject
Project("{9A19103F-16F7-4668-BE54-9A1E7A4F7556}") = "Persistence", "02. Infrastructure\Persistence\Persistence.csproj", "{273EF4EA-61A0-4FCC-9CC4-698D569FF8AD}"
EndProject
Project("{9A19103F-16F7-4668-BE54-9A1E7A4F7556}") = "Infrastructure", "02. Infrastructure\Infrastructure\Infrastructure.csproj", "{5EE0FE88-461B-4B3B-AA74-D97DDDCB2475}"
EndProject
Project("{9A19103F-16F7-4668-BE54-9A1E7A4F7556}") = "Localization", "02. Infrastructure\Localization\Localization.csproj", "{BD11D62B-4858-4E58-BD36-78C0A9C74754}"
EndProject
Project("{FAE04EC0-301F-11D3-BF4B-00C04F79EFBC}") = "DI", "02. Infrastructure\DI\DI.csproj", "{365CE7FA-EE6A-4DB5-8F7A-2667BADA69A5}"
EndProject
Global
	GlobalSection(SolutionConfigurationPlatforms) = preSolution
		Debug|Any CPU = Debug|Any CPU
		Release|Any CPU = Release|Any CPU
	EndGlobalSection
	GlobalSection(ProjectConfigurationPlatforms) = postSolution
		{16C83483-2DF5-42F6-8956-A38C60D09E4F}.Debug|Any CPU.ActiveCfg = Debug|Any CPU
		{16C83483-2DF5-42F6-8956-A38C60D09E4F}.Debug|Any CPU.Build.0 = Debug|Any CPU
		{16C83483-2DF5-42F6-8956-A38C60D09E4F}.Release|Any CPU.ActiveCfg = Release|Any CPU
		{16C83483-2DF5-42F6-8956-A38C60D09E4F}.Release|Any CPU.Build.0 = Release|Any CPU
		{97933F97-880A-40BD-80C9-260BA1D26113}.Debug|Any CPU.ActiveCfg = Debug|Any CPU
		{97933F97-880A-40BD-80C9-260BA1D26113}.Debug|Any CPU.Build.0 = Debug|Any CPU
		{97933F97-880A-40BD-80C9-260BA1D26113}.Release|Any CPU.ActiveCfg = Release|Any CPU
		{97933F97-880A-40BD-80C9-260BA1D26113}.Release|Any CPU.Build.0 = Release|Any CPU
		{8DC4E4DB-0933-4CC9-AC02-4C4F1FCA530A}.Debug|Any CPU.ActiveCfg = Debug|Any CPU
		{8DC4E4DB-0933-4CC9-AC02-4C4F1FCA530A}.Debug|Any CPU.Build.0 = Debug|Any CPU
		{8DC4E4DB-0933-4CC9-AC02-4C4F1FCA530A}.Release|Any CPU.ActiveCfg = Release|Any CPU
		{8DC4E4DB-0933-4CC9-AC02-4C4F1FCA530A}.Release|Any CPU.Build.0 = Release|Any CPU
		{027FC2B1-3A11-4842-AA71-F78B624F3846}.Debug|Any CPU.ActiveCfg = Debug|Any CPU
		{027FC2B1-3A11-4842-AA71-F78B624F3846}.Debug|Any CPU.Build.0 = Debug|Any CPU
		{027FC2B1-3A11-4842-AA71-F78B624F3846}.Release|Any CPU.ActiveCfg = Release|Any CPU
		{027FC2B1-3A11-4842-AA71-F78B624F3846}.Release|Any CPU.Build.0 = Release|Any CPU
		{50849ED0-9DF2-450D-B29A-88D1C52B57A8}.Debug|Any CPU.ActiveCfg = Debug|Any CPU
		{50849ED0-9DF2-450D-B29A-88D1C52B57A8}.Debug|Any CPU.Build.0 = Debug|Any CPU
		{50849ED0-9DF2-450D-B29A-88D1C52B57A8}.Release|Any CPU.ActiveCfg = Release|Any CPU
		{50849ED0-9DF2-450D-B29A-88D1C52B57A8}.Release|Any CPU.Build.0 = Release|Any CPU
		{273EF4EA-61A0-4FCC-9CC4-698D569FF8AD}.Debug|Any CPU.ActiveCfg = Debug|Any CPU
		{273EF4EA-61A0-4FCC-9CC4-698D569FF8AD}.Debug|Any CPU.Build.0 = Debug|Any CPU
		{273EF4EA-61A0-4FCC-9CC4-698D569FF8AD}.Release|Any CPU.ActiveCfg = Release|Any CPU
		{273EF4EA-61A0-4FCC-9CC4-698D569FF8AD}.Release|Any CPU.Build.0 = Release|Any CPU
		{5EE0FE88-461B-4B3B-AA74-D97DDDCB2475}.Debug|Any CPU.ActiveCfg = Debug|Any CPU
		{5EE0FE88-461B-4B3B-AA74-D97DDDCB2475}.Debug|Any CPU.Build.0 = Debug|Any CPU
		{5EE0FE88-461B-4B3B-AA74-D97DDDCB2475}.Release|Any CPU.ActiveCfg = Release|Any CPU
		{5EE0FE88-461B-4B3B-AA74-D97DDDCB2475}.Release|Any CPU.Build.0 = Release|Any CPU
		{BD11D62B-4858-4E58-BD36-78C0A9C74754}.Debug|Any CPU.ActiveCfg = Debug|Any CPU
		{BD11D62B-4858-4E58-BD36-78C0A9C74754}.Debug|Any CPU.Build.0 = Debug|Any CPU
		{BD11D62B-4858-4E58-BD36-78C0A9C74754}.Release|Any CPU.ActiveCfg = Release|Any CPU
		{BD11D62B-4858-4E58-BD36-78C0A9C74754}.Release|Any CPU.Build.0 = Release|Any CPU
		{365CE7FA-EE6A-4DB5-8F7A-2667BADA69A5}.Debug|Any CPU.ActiveCfg = Debug|Any CPU
		{365CE7FA-EE6A-4DB5-8F7A-2667BADA69A5}.Debug|Any CPU.Build.0 = Debug|Any CPU
		{365CE7FA-EE6A-4DB5-8F7A-2667BADA69A5}.Release|Any CPU.ActiveCfg = Release|Any CPU
		{365CE7FA-EE6A-4DB5-8F7A-2667BADA69A5}.Release|Any CPU.Build.0 = Release|Any CPU
	EndGlobalSection
	GlobalSection(SolutionProperties) = preSolution
		HideSolutionNode = FALSE
	EndGlobalSection
	GlobalSection(NestedProjects) = preSolution
		{16C83483-2DF5-42F6-8956-A38C60D09E4F} = {732B5ED8-D34E-4299-80EE-5E8A3F4819B7}
		{97933F97-880A-40BD-80C9-260BA1D26113} = {732B5ED8-D34E-4299-80EE-5E8A3F4819B7}
		{8DC4E4DB-0933-4CC9-AC02-4C4F1FCA530A} = {0F83C6E1-47C3-4ADF-8EF0-0E2B81AA3ACC}
		{027FC2B1-3A11-4842-AA71-F78B624F3846} = {B5C6DB18-7124-4798-8D3F-38D84DBE5021}
		{50849ED0-9DF2-450D-B29A-88D1C52B57A8} = {FC56CEA2-17D3-4C7B-9056-9DF447F75C55}
		{273EF4EA-61A0-4FCC-9CC4-698D569FF8AD} = {FC56CEA2-17D3-4C7B-9056-9DF447F75C55}
		{5EE0FE88-461B-4B3B-AA74-D97DDDCB2475} = {FC56CEA2-17D3-4C7B-9056-9DF447F75C55}
		{BD11D62B-4858-4E58-BD36-78C0A9C74754} = {FC56CEA2-17D3-4C7B-9056-9DF447F75C55}
		{365CE7FA-EE6A-4DB5-8F7A-2667BADA69A5} = {FC56CEA2-17D3-4C7B-9056-9DF447F75C55}
	EndGlobalSection
	GlobalSection(ExtensibilityGlobals) = postSolution
		SolutionGuid = {923DCA68-ECF0-4DA2-9F75-56AB6B4AAE6E}
	EndGlobalSection
EndGlobal
