
Microsoft Visual Studio Solution File, Format Version 12.00
# Visual Studio Version 17
VisualStudioVersion = 17.8.34330.188
MinimumVisualStudioVersion = 10.0.40219.1
Project("{2150E333-8FDC-42A3-9474-1A3956D46DE8}") = "Api", "Api", "{B5C6DB18-7124-4798-8D3F-38D84DBE5021}"
EndProject
Project("{9A19103F-16F7-4668-BE54-9A1E7A4F7556}") = "WebApi", "Api\WebApi\WebApi.csproj", "{B4A757B7-BF3C-441A-8298-ED24059965E0}"
EndProject
Project("{2150E333-8FDC-42A3-9474-1A3956D46DE8}") = "Core", "Core", "{732B5ED8-D34E-4299-80EE-5E8A3F4819B7}"
EndProject
Project("{9A19103F-16F7-4668-BE54-9A1E7A4F7556}") = "Application", "Core\Application\Application.csproj", "{606F37A0-25DA-4953-B8C9-1CAAE6153822}"
EndProject
Project("{9A19103F-16F7-4668-BE54-9A1E7A4F7556}") = "Domain", "Core\Domain\Domain.csproj", "{9A60C813-E226-4301-9AEE-72DDD1A0126F}"
EndProject
Project("{2150E333-8FDC-42A3-9474-1A3956D46DE8}") = "Infrastructure", "Infrastructure", "{FC56CEA2-17D3-4C7B-9056-9DF447F75C55}"
EndProject
Project("{9A19103F-16F7-4668-BE54-9A1E7A4F7556}") = "Infrastructure", "Infrastructure\Infrastructure\Infrastructure.csproj", "{49D5008F-BD3A-483A-957B-881681CE086A}"
EndProject
Project("{2150E333-8FDC-42A3-9474-1A3956D46DE8}") = "UI", "UI", "{0F83C6E1-47C3-4ADF-8EF0-0E2B81AA3ACC}"
EndProject
Project("{9A19103F-16F7-4668-BE54-9A1E7A4F7556}") = "WebSite", "UI\WebSite\WebSite.csproj", "{2711D8EF-8C64-4099-B3DD-398758F38B0A}"
EndProject
Global
	GlobalSection(SolutionConfigurationPlatforms) = preSolution
		Debug|Any CPU = Debug|Any CPU
		Release|Any CPU = Release|Any CPU
	EndGlobalSection
	GlobalSection(ProjectConfigurationPlatforms) = postSolution
		{B4A757B7-BF3C-441A-8298-ED24059965E0}.Debug|Any CPU.ActiveCfg = Debug|Any CPU
		{B4A757B7-BF3C-441A-8298-ED24059965E0}.Debug|Any CPU.Build.0 = Debug|Any CPU
		{B4A757B7-BF3C-441A-8298-ED24059965E0}.Release|Any CPU.ActiveCfg = Release|Any CPU
		{B4A757B7-BF3C-441A-8298-ED24059965E0}.Release|Any CPU.Build.0 = Release|Any CPU
		{606F37A0-25DA-4953-B8C9-1CAAE6153822}.Debug|Any CPU.ActiveCfg = Debug|Any CPU
		{606F37A0-25DA-4953-B8C9-1CAAE6153822}.Debug|Any CPU.Build.0 = Debug|Any CPU
		{606F37A0-25DA-4953-B8C9-1CAAE6153822}.Release|Any CPU.ActiveCfg = Release|Any CPU
		{606F37A0-25DA-4953-B8C9-1CAAE6153822}.Release|Any CPU.Build.0 = Release|Any CPU
		{9A60C813-E226-4301-9AEE-72DDD1A0126F}.Debug|Any CPU.ActiveCfg = Debug|Any CPU
		{9A60C813-E226-4301-9AEE-72DDD1A0126F}.Debug|Any CPU.Build.0 = Debug|Any CPU
		{9A60C813-E226-4301-9AEE-72DDD1A0126F}.Release|Any CPU.ActiveCfg = Release|Any CPU
		{9A60C813-E226-4301-9AEE-72DDD1A0126F}.Release|Any CPU.Build.0 = Release|Any CPU
		{49D5008F-BD3A-483A-957B-881681CE086A}.Debug|Any CPU.ActiveCfg = Debug|Any CPU
		{49D5008F-BD3A-483A-957B-881681CE086A}.Debug|Any CPU.Build.0 = Debug|Any CPU
		{49D5008F-BD3A-483A-957B-881681CE086A}.Release|Any CPU.ActiveCfg = Release|Any CPU
		{49D5008F-BD3A-483A-957B-881681CE086A}.Release|Any CPU.Build.0 = Release|Any CPU
		{2711D8EF-8C64-4099-B3DD-398758F38B0A}.Debug|Any CPU.ActiveCfg = Debug|Any CPU
		{2711D8EF-8C64-4099-B3DD-398758F38B0A}.Debug|Any CPU.Build.0 = Debug|Any CPU
		{2711D8EF-8C64-4099-B3DD-398758F38B0A}.Release|Any CPU.ActiveCfg = Release|Any CPU
		{2711D8EF-8C64-4099-B3DD-398758F38B0A}.Release|Any CPU.Build.0 = Release|Any CPU
	EndGlobalSection
	GlobalSection(SolutionProperties) = preSolution
		HideSolutionNode = FALSE
	EndGlobalSection
	GlobalSection(NestedProjects) = preSolution
		{B4A757B7-BF3C-441A-8298-ED24059965E0} = {B5C6DB18-7124-4798-8D3F-38D84DBE5021}
		{606F37A0-25DA-4953-B8C9-1CAAE6153822} = {732B5ED8-D34E-4299-80EE-5E8A3F4819B7}
		{9A60C813-E226-4301-9AEE-72DDD1A0126F} = {732B5ED8-D34E-4299-80EE-5E8A3F4819B7}
		{49D5008F-BD3A-483A-957B-881681CE086A} = {FC56CEA2-17D3-4C7B-9056-9DF447F75C55}
		{2711D8EF-8C64-4099-B3DD-398758F38B0A} = {0F83C6E1-47C3-4ADF-8EF0-0E2B81AA3ACC}
	EndGlobalSection
	GlobalSection(ExtensibilityGlobals) = postSolution
		SolutionGuid = {923DCA68-ECF0-4DA2-9F75-56AB6B4AAE6E}
	EndGlobalSection
EndGlobal
